// !$*UTF8*$!
{
	archiveVersion = 1;
	classes = {
	};
	objectVersion = 50;
	objects = {

/* Begin PBXBuildFile section */
		B50E622C2501215F000AD4EF /* MovieTableViewCell.swift in Sources */ = {isa = PBXBuildFile; fileRef = B50E622B2501215F000AD4EF /* MovieTableViewCell.swift */; };
		B518C1C72507AE8500CC21A9 /* MovieList.swift in Sources */ = {isa = PBXBuildFile; fileRef = B518C1C62507AE8500CC21A9 /* MovieList.swift */; };
		B518C1C92507B0AB00CC21A9 /* RatingStackView.swift in Sources */ = {isa = PBXBuildFile; fileRef = B518C1C82507B0AB00CC21A9 /* RatingStackView.swift */; };
		B518C1CD2509FBC300CC21A9 /* UITableView+Activity.swift in Sources */ = {isa = PBXBuildFile; fileRef = B518C1CC2509FBC300CC21A9 /* UITableView+Activity.swift */; };
		B518C1D3250EC20C00CC21A9 /* MovieCollectionViewController.swift in Sources */ = {isa = PBXBuildFile; fileRef = B518C1D2250EC20C00CC21A9 /* MovieCollectionViewController.swift */; };
		B518C1E1250F591900CC21A9 /* MovieCollectionViewCell.swift in Sources */ = {isa = PBXBuildFile; fileRef = B518C1E0250F591900CC21A9 /* MovieCollectionViewCell.swift */; };
		B52142E525005759008B319A /* MovieDetail.swift in Sources */ = {isa = PBXBuildFile; fileRef = B52142E425005759008B319A /* MovieDetail.swift */; };
		B52AB04A251A21F60032D303 /* MovieCollectionViewLayout.swift in Sources */ = {isa = PBXBuildFile; fileRef = B52AB049251A21F60032D303 /* MovieCollectionViewLayout.swift */; };
		B52AB04C251A25B90032D303 /* UICollectionView+Activity.swift in Sources */ = {isa = PBXBuildFile; fileRef = B52AB04B251A25B90032D303 /* UICollectionView+Activity.swift */; };
		B538200C2514783100CA779B /* AssemblyFactory.swift in Sources */ = {isa = PBXBuildFile; fileRef = B538200B2514783100CA779B /* AssemblyFactory.swift */; };
		B538201225151E5E00CA779B /* MovieCell.swift in Sources */ = {isa = PBXBuildFile; fileRef = B538201125151E5E00CA779B /* MovieCell.swift */; };
		B53F3E582525347C00ED29C8 /* SearchViewController.swift in Sources */ = {isa = PBXBuildFile; fileRef = B53F3E572525347C00ED29C8 /* SearchViewController.swift */; };
		B53F3E5C2525359500ED29C8 /* SearchFactory.swift in Sources */ = {isa = PBXBuildFile; fileRef = B53F3E5B2525359500ED29C8 /* SearchFactory.swift */; };
		B53F3E60252539A300ED29C8 /* SearchEmptyView.swift in Sources */ = {isa = PBXBuildFile; fileRef = B53F3E5F252539A300ED29C8 /* SearchEmptyView.swift */; };
		B53F3E762525628900ED29C8 /* MovieResourceDownloader.swift in Sources */ = {isa = PBXBuildFile; fileRef = B53F3E752525628900ED29C8 /* MovieResourceDownloader.swift */; };
		B53F3E7C252563A000ED29C8 /* MovieCache.swift in Sources */ = {isa = PBXBuildFile; fileRef = B53F3E7B252563A000ED29C8 /* MovieCache.swift */; };
		B53F3E8625256FF800ED29C8 /* MoviePresenterProtocol.swift in Sources */ = {isa = PBXBuildFile; fileRef = B53F3E8525256FF700ED29C8 /* MoviePresenterProtocol.swift */; };
		B53F3E8E252592AB00ED29C8 /* SearchResult.swift in Sources */ = {isa = PBXBuildFile; fileRef = B53F3E8D252592AB00ED29C8 /* SearchResult.swift */; };
		B53F3E92252592ED00ED29C8 /* SearchData.swift in Sources */ = {isa = PBXBuildFile; fileRef = B53F3E91252592ED00ED29C8 /* SearchData.swift */; };
		B53F3E96252593F000ED29C8 /* NewMovieData.swift in Sources */ = {isa = PBXBuildFile; fileRef = B53F3E95252593F000ED29C8 /* NewMovieData.swift */; };
		B53F3E9E25259EE400ED29C8 /* Parser.swift in Sources */ = {isa = PBXBuildFile; fileRef = B53F3E9D25259EE400ED29C8 /* Parser.swift */; };
		B58E1A232503239300D70337 /* IMDbClientTests.swift in Sources */ = {isa = PBXBuildFile; fileRef = B58E1A222503239300D70337 /* IMDbClientTests.swift */; };
		B58E1A2E2503248800D70337 /* MoviePresenterTest.swift in Sources */ = {isa = PBXBuildFile; fileRef = B58E1A2D2503248800D70337 /* MoviePresenterTest.swift */; };
		B5DEA81824FF571200A5580A /* AppDelegate.swift in Sources */ = {isa = PBXBuildFile; fileRef = B5DEA81724FF571200A5580A /* AppDelegate.swift */; };
		B5DEA81A24FF571200A5580A /* SceneDelegate.swift in Sources */ = {isa = PBXBuildFile; fileRef = B5DEA81924FF571200A5580A /* SceneDelegate.swift */; };
		B5DEA81C24FF571200A5580A /* MovieTableViewController.swift in Sources */ = {isa = PBXBuildFile; fileRef = B5DEA81B24FF571200A5580A /* MovieTableViewController.swift */; };
		B5DEA82124FF571400A5580A /* Assets.xcassets in Resources */ = {isa = PBXBuildFile; fileRef = B5DEA82024FF571400A5580A /* Assets.xcassets */; };
		B5DEA82424FF571400A5580A /* LaunchScreen.storyboard in Resources */ = {isa = PBXBuildFile; fileRef = B5DEA82224FF571400A5580A /* LaunchScreen.storyboard */; };
		B5DEA83A24FF573400A5580A /* Movie.swift in Sources */ = {isa = PBXBuildFile; fileRef = B5DEA83924FF573400A5580A /* Movie.swift */; };
		B5DEA83D24FF581A00A5580A /* MoviePresenter.swift in Sources */ = {isa = PBXBuildFile; fileRef = B5DEA83C24FF581A00A5580A /* MoviePresenter.swift */; };
		B5DEA84224FF5E6200A5580A /* MovieAssembly.swift in Sources */ = {isa = PBXBuildFile; fileRef = B5DEA84124FF5E6200A5580A /* MovieAssembly.swift */; };
		B5DEA84C24FFDDBB00A5580A /* MovieDetailPresenter.swift in Sources */ = {isa = PBXBuildFile; fileRef = B5DEA84B24FFDDBB00A5580A /* MovieDetailPresenter.swift */; };
		B5DEA84E24FFDDE100A5580A /* MovieDetailViewController.swift in Sources */ = {isa = PBXBuildFile; fileRef = B5DEA84D24FFDDE100A5580A /* MovieDetailViewController.swift */; };
		B5DEA85024FFE36D00A5580A /* Router.swift in Sources */ = {isa = PBXBuildFile; fileRef = B5DEA84F24FFE36D00A5580A /* Router.swift */; };
		B5EB12BE2505A8CC00478673 /* NetworkService.swift in Sources */ = {isa = PBXBuildFile; fileRef = B5EB12BD2505A8CC00478673 /* NetworkService.swift */; };
		B5F19A7D2513B53B0045BE3F /* MovieCollectionType.swift in Sources */ = {isa = PBXBuildFile; fileRef = B5F19A7C2513B53B0045BE3F /* MovieCollectionType.swift */; };
		B5F19A7F2513B5560045BE3F /* APIRequest.swift in Sources */ = {isa = PBXBuildFile; fileRef = B5F19A7E2513B5560045BE3F /* APIRequest.swift */; };
		B5F628BA2518F5C800E31295 /* PosterQuality.swift in Sources */ = {isa = PBXBuildFile; fileRef = B5F628B92518F5C800E31295 /* PosterQuality.swift */; };
		B5F628C5251918C300E31295 /* MovieFactory.swift in Sources */ = {isa = PBXBuildFile; fileRef = B5F628C4251918C300E31295 /* MovieFactory.swift */; };
		B5F628C7251918CC00E31295 /* TVShowFactory.swift in Sources */ = {isa = PBXBuildFile; fileRef = B5F628C6251918CC00E31295 /* TVShowFactory.swift */; };
		B5F628C9251918DF00E31295 /* TrendingFactory.swift in Sources */ = {isa = PBXBuildFile; fileRef = B5F628C8251918DF00E31295 /* TrendingFactory.swift */; };
		B5F91FE92501552900CE2F35 /* RatingTagView.swift in Sources */ = {isa = PBXBuildFile; fileRef = B5F91FE82501552900CE2F35 /* RatingTagView.swift */; };
		B5F91FEE2501D2A200CE2F35 /* ViewControllerProtocol.swift in Sources */ = {isa = PBXBuildFile; fileRef = B5F91FED2501D2A200CE2F35 /* ViewControllerProtocol.swift */; };
		B5FEE86F2511F19300B9E98C /* HeaderCollectionView.swift in Sources */ = {isa = PBXBuildFile; fileRef = B5FEE86E2511F19300B9E98C /* HeaderCollectionView.swift */; };
/* End PBXBuildFile section */

/* Begin PBXContainerItemProxy section */
		B58E1A252503239300D70337 /* PBXContainerItemProxy */ = {
			isa = PBXContainerItemProxy;
			containerPortal = B5DEA80C24FF571200A5580A /* Project object */;
			proxyType = 1;
			remoteGlobalIDString = B5DEA81324FF571200A5580A;
			remoteInfo = IMDbClient;
		};
/* End PBXContainerItemProxy section */

/* Begin PBXFileReference section */
		B50E622B2501215F000AD4EF /* MovieTableViewCell.swift */ = {isa = PBXFileReference; lastKnownFileType = sourcecode.swift; path = MovieTableViewCell.swift; sourceTree = "<group>"; };
		B518C1C62507AE8500CC21A9 /* MovieList.swift */ = {isa = PBXFileReference; lastKnownFileType = sourcecode.swift; path = MovieList.swift; sourceTree = "<group>"; };
		B518C1C82507B0AB00CC21A9 /* RatingStackView.swift */ = {isa = PBXFileReference; lastKnownFileType = sourcecode.swift; path = RatingStackView.swift; sourceTree = "<group>"; };
		B518C1CC2509FBC300CC21A9 /* UITableView+Activity.swift */ = {isa = PBXFileReference; lastKnownFileType = sourcecode.swift; path = "UITableView+Activity.swift"; sourceTree = "<group>"; };
		B518C1D2250EC20C00CC21A9 /* MovieCollectionViewController.swift */ = {isa = PBXFileReference; lastKnownFileType = sourcecode.swift; path = MovieCollectionViewController.swift; sourceTree = "<group>"; };
		B518C1E0250F591900CC21A9 /* MovieCollectionViewCell.swift */ = {isa = PBXFileReference; lastKnownFileType = sourcecode.swift; path = MovieCollectionViewCell.swift; sourceTree = "<group>"; };
		B52142E425005759008B319A /* MovieDetail.swift */ = {isa = PBXFileReference; lastKnownFileType = sourcecode.swift; path = MovieDetail.swift; sourceTree = "<group>"; };
		B52AB049251A21F60032D303 /* MovieCollectionViewLayout.swift */ = {isa = PBXFileReference; lastKnownFileType = sourcecode.swift; path = MovieCollectionViewLayout.swift; sourceTree = "<group>"; };
		B52AB04B251A25B90032D303 /* UICollectionView+Activity.swift */ = {isa = PBXFileReference; lastKnownFileType = sourcecode.swift; path = "UICollectionView+Activity.swift"; sourceTree = "<group>"; };
		B538200B2514783100CA779B /* AssemblyFactory.swift */ = {isa = PBXFileReference; lastKnownFileType = sourcecode.swift; path = AssemblyFactory.swift; sourceTree = "<group>"; };
		B538201125151E5E00CA779B /* MovieCell.swift */ = {isa = PBXFileReference; lastKnownFileType = sourcecode.swift; path = MovieCell.swift; sourceTree = "<group>"; };
		B53F3E572525347C00ED29C8 /* SearchViewController.swift */ = {isa = PBXFileReference; lastKnownFileType = sourcecode.swift; path = SearchViewController.swift; sourceTree = "<group>"; };
		B53F3E5B2525359500ED29C8 /* SearchFactory.swift */ = {isa = PBXFileReference; lastKnownFileType = sourcecode.swift; path = SearchFactory.swift; sourceTree = "<group>"; };
		B53F3E5F252539A300ED29C8 /* SearchEmptyView.swift */ = {isa = PBXFileReference; lastKnownFileType = sourcecode.swift; path = SearchEmptyView.swift; sourceTree = "<group>"; };
		B53F3E752525628900ED29C8 /* MovieResourceDownloader.swift */ = {isa = PBXFileReference; lastKnownFileType = sourcecode.swift; path = MovieResourceDownloader.swift; sourceTree = "<group>"; };
		B53F3E7B252563A000ED29C8 /* MovieCache.swift */ = {isa = PBXFileReference; lastKnownFileType = sourcecode.swift; path = MovieCache.swift; sourceTree = "<group>"; };
		B53F3E8525256FF700ED29C8 /* MoviePresenterProtocol.swift */ = {isa = PBXFileReference; lastKnownFileType = sourcecode.swift; path = MoviePresenterProtocol.swift; sourceTree = "<group>"; };
		B53F3E8D252592AB00ED29C8 /* SearchResult.swift */ = {isa = PBXFileReference; lastKnownFileType = sourcecode.swift; path = SearchResult.swift; sourceTree = "<group>"; };
		B53F3E91252592ED00ED29C8 /* SearchData.swift */ = {isa = PBXFileReference; lastKnownFileType = sourcecode.swift; path = SearchData.swift; sourceTree = "<group>"; };
		B53F3E95252593F000ED29C8 /* NewMovieData.swift */ = {isa = PBXFileReference; lastKnownFileType = sourcecode.swift; path = NewMovieData.swift; sourceTree = "<group>"; };
		B53F3E9D25259EE400ED29C8 /* Parser.swift */ = {isa = PBXFileReference; lastKnownFileType = sourcecode.swift; path = Parser.swift; sourceTree = "<group>"; };
		B58E1A202503239300D70337 /* IMDbClientTests.xctest */ = {isa = PBXFileReference; explicitFileType = wrapper.cfbundle; includeInIndex = 0; path = IMDbClientTests.xctest; sourceTree = BUILT_PRODUCTS_DIR; };
		B58E1A222503239300D70337 /* IMDbClientTests.swift */ = {isa = PBXFileReference; lastKnownFileType = sourcecode.swift; path = IMDbClientTests.swift; sourceTree = "<group>"; };
		B58E1A242503239300D70337 /* Info.plist */ = {isa = PBXFileReference; lastKnownFileType = text.plist.xml; path = Info.plist; sourceTree = "<group>"; };
		B58E1A2D2503248800D70337 /* MoviePresenterTest.swift */ = {isa = PBXFileReference; lastKnownFileType = sourcecode.swift; path = MoviePresenterTest.swift; sourceTree = "<group>"; };
		B5DEA81424FF571200A5580A /* IMDbClient.app */ = {isa = PBXFileReference; explicitFileType = wrapper.application; includeInIndex = 0; path = IMDbClient.app; sourceTree = BUILT_PRODUCTS_DIR; };
		B5DEA81724FF571200A5580A /* AppDelegate.swift */ = {isa = PBXFileReference; lastKnownFileType = sourcecode.swift; path = AppDelegate.swift; sourceTree = "<group>"; };
		B5DEA81924FF571200A5580A /* SceneDelegate.swift */ = {isa = PBXFileReference; lastKnownFileType = sourcecode.swift; path = SceneDelegate.swift; sourceTree = "<group>"; };
		B5DEA81B24FF571200A5580A /* MovieTableViewController.swift */ = {isa = PBXFileReference; lastKnownFileType = sourcecode.swift; path = MovieTableViewController.swift; sourceTree = "<group>"; };
		B5DEA82024FF571400A5580A /* Assets.xcassets */ = {isa = PBXFileReference; lastKnownFileType = folder.assetcatalog; path = Assets.xcassets; sourceTree = "<group>"; };
		B5DEA82324FF571400A5580A /* Base */ = {isa = PBXFileReference; lastKnownFileType = file.storyboard; name = Base; path = Base.lproj/LaunchScreen.storyboard; sourceTree = "<group>"; };
		B5DEA82524FF571400A5580A /* Info.plist */ = {isa = PBXFileReference; lastKnownFileType = text.plist.xml; path = Info.plist; sourceTree = "<group>"; };
		B5DEA83924FF573400A5580A /* Movie.swift */ = {isa = PBXFileReference; lastKnownFileType = sourcecode.swift; path = Movie.swift; sourceTree = "<group>"; };
		B5DEA83C24FF581A00A5580A /* MoviePresenter.swift */ = {isa = PBXFileReference; lastKnownFileType = sourcecode.swift; path = MoviePresenter.swift; sourceTree = "<group>"; };
		B5DEA84124FF5E6200A5580A /* MovieAssembly.swift */ = {isa = PBXFileReference; lastKnownFileType = sourcecode.swift; path = MovieAssembly.swift; sourceTree = "<group>"; };
		B5DEA84B24FFDDBB00A5580A /* MovieDetailPresenter.swift */ = {isa = PBXFileReference; lastKnownFileType = sourcecode.swift; path = MovieDetailPresenter.swift; sourceTree = "<group>"; };
		B5DEA84D24FFDDE100A5580A /* MovieDetailViewController.swift */ = {isa = PBXFileReference; lastKnownFileType = sourcecode.swift; path = MovieDetailViewController.swift; sourceTree = "<group>"; };
		B5DEA84F24FFE36D00A5580A /* Router.swift */ = {isa = PBXFileReference; lastKnownFileType = sourcecode.swift; path = Router.swift; sourceTree = "<group>"; };
		B5EB12BD2505A8CC00478673 /* NetworkService.swift */ = {isa = PBXFileReference; fileEncoding = 4; lastKnownFileType = sourcecode.swift; path = NetworkService.swift; sourceTree = "<group>"; };
		B5F19A7C2513B53B0045BE3F /* MovieCollectionType.swift */ = {isa = PBXFileReference; lastKnownFileType = sourcecode.swift; path = MovieCollectionType.swift; sourceTree = "<group>"; };
		B5F19A7E2513B5560045BE3F /* APIRequest.swift */ = {isa = PBXFileReference; lastKnownFileType = sourcecode.swift; path = APIRequest.swift; sourceTree = "<group>"; };
		B5F628B92518F5C800E31295 /* PosterQuality.swift */ = {isa = PBXFileReference; lastKnownFileType = sourcecode.swift; path = PosterQuality.swift; sourceTree = "<group>"; };
		B5F628C4251918C300E31295 /* MovieFactory.swift */ = {isa = PBXFileReference; lastKnownFileType = sourcecode.swift; path = MovieFactory.swift; sourceTree = "<group>"; };
		B5F628C6251918CC00E31295 /* TVShowFactory.swift */ = {isa = PBXFileReference; lastKnownFileType = sourcecode.swift; path = TVShowFactory.swift; sourceTree = "<group>"; };
		B5F628C8251918DF00E31295 /* TrendingFactory.swift */ = {isa = PBXFileReference; lastKnownFileType = sourcecode.swift; path = TrendingFactory.swift; sourceTree = "<group>"; };
		B5F91FE82501552900CE2F35 /* RatingTagView.swift */ = {isa = PBXFileReference; lastKnownFileType = sourcecode.swift; path = RatingTagView.swift; sourceTree = "<group>"; };
		B5F91FED2501D2A200CE2F35 /* ViewControllerProtocol.swift */ = {isa = PBXFileReference; lastKnownFileType = sourcecode.swift; path = ViewControllerProtocol.swift; sourceTree = "<group>"; };
		B5FEE86E2511F19300B9E98C /* HeaderCollectionView.swift */ = {isa = PBXFileReference; lastKnownFileType = sourcecode.swift; path = HeaderCollectionView.swift; sourceTree = "<group>"; };
/* End PBXFileReference section */

/* Begin PBXFrameworksBuildPhase section */
		B58E1A1D2503239300D70337 /* Frameworks */ = {
			isa = PBXFrameworksBuildPhase;
			buildActionMask = 2147483647;
			files = (
			);
			runOnlyForDeploymentPostprocessing = 0;
		};
		B5DEA81124FF571200A5580A /* Frameworks */ = {
			isa = PBXFrameworksBuildPhase;
			buildActionMask = 2147483647;
			files = (
			);
			runOnlyForDeploymentPostprocessing = 0;
		};
/* End PBXFrameworksBuildPhase section */

/* Begin PBXGroup section */
		B538200F2514F20D00CA779B /* TrendingMovies */ = {
			isa = PBXGroup;
			children = (
				B518C1D2250EC20C00CC21A9 /* MovieCollectionViewController.swift */,
				B52AB049251A21F60032D303 /* MovieCollectionViewLayout.swift */,
				B5FEE86E2511F19300B9E98C /* HeaderCollectionView.swift */,
				B518C1E0250F591900CC21A9 /* MovieCollectionViewCell.swift */,
			);
			path = TrendingMovies;
			sourceTree = "<group>";
		};
		B53820102514F21B00CA779B /* Movies */ = {
			isa = PBXGroup;
			children = (
				B5F628CB2519192800E31295 /* MovieDetailView */,
				B5DEA81B24FF571200A5580A /* MovieTableViewController.swift */,
				B50E622B2501215F000AD4EF /* MovieTableViewCell.swift */,
				B5F91FE82501552900CE2F35 /* RatingTagView.swift */,
			);
			path = Movies;
			sourceTree = "<group>";
		};
		B53F3E63252539A800ED29C8 /* SearchMovies */ = {
			isa = PBXGroup;
			children = (
				B53F3E572525347C00ED29C8 /* SearchViewController.swift */,
				B53F3E5F252539A300ED29C8 /* SearchEmptyView.swift */,
			);
			path = SearchMovies;
			sourceTree = "<group>";
		};
		B53F3E722525624D00ED29C8 /* Enums */ = {
			isa = PBXGroup;
			children = (
				B5F628B92518F5C800E31295 /* PosterQuality.swift */,
				B5F19A7C2513B53B0045BE3F /* MovieCollectionType.swift */,
			);
			path = Enums;
			sourceTree = "<group>";
		};
		B55D68EC251F8EBE008C7F31 /* Other */ = {
			isa = PBXGroup;
			children = (
				B5DEA84F24FFE36D00A5580A /* Router.swift */,
				B5F91FED2501D2A200CE2F35 /* ViewControllerProtocol.swift */,
			);
			path = Other;
			sourceTree = "<group>";
		};
		B55D68EF251F8FBE008C7F31 /* Entities */ = {
			isa = PBXGroup;
			children = (
				B5DEA83924FF573400A5580A /* Movie.swift */,
				B518C1C62507AE8500CC21A9 /* MovieList.swift */,
				B52142E425005759008B319A /* MovieDetail.swift */,
				B53F3E95252593F000ED29C8 /* NewMovieData.swift */,
				B53F3E91252592ED00ED29C8 /* SearchData.swift */,
				B53F3E8D252592AB00ED29C8 /* SearchResult.swift */,
			);
			path = Entities;
			sourceTree = "<group>";
		};
		B55D68FA251F929C008C7F31 /* Core */ = {
			isa = PBXGroup;
			children = (
				B5F19A7B2513B4140045BE3F /* Assemblies */,
				B5DEA84424FF66F000A5580A /* Views */,
				B5DEA84324FF66E600A5580A /* Presenters */,
			);
			path = Core;
			sourceTree = "<group>";
		};
		B58E1A212503239300D70337 /* IMDbClientTests */ = {
			isa = PBXGroup;
			children = (
				B58E1A2C2503243C00D70337 /* TestMovieModule */,
				B58E1A242503239300D70337 /* Info.plist */,
				B58E1A222503239300D70337 /* IMDbClientTests.swift */,
			);
			path = IMDbClientTests;
			sourceTree = "<group>";
		};
		B58E1A2C2503243C00D70337 /* TestMovieModule */ = {
			isa = PBXGroup;
			children = (
				B58E1A2D2503248800D70337 /* MoviePresenterTest.swift */,
			);
			path = TestMovieModule;
			sourceTree = "<group>";
		};
		B5DEA80B24FF571200A5580A = {
			isa = PBXGroup;
			children = (
				B5DEA81624FF571200A5580A /* IMDbClient */,
				B58E1A212503239300D70337 /* IMDbClientTests */,
				B5DEA81524FF571200A5580A /* Products */,
			);
			sourceTree = "<group>";
		};
		B5DEA81524FF571200A5580A /* Products */ = {
			isa = PBXGroup;
			children = (
				B5DEA81424FF571200A5580A /* IMDbClient.app */,
				B58E1A202503239300D70337 /* IMDbClientTests.xctest */,
			);
			name = Products;
			sourceTree = "<group>";
		};
		B5DEA81624FF571200A5580A /* IMDbClient */ = {
			isa = PBXGroup;
			children = (
				B5DEA81724FF571200A5580A /* AppDelegate.swift */,
				B5DEA81924FF571200A5580A /* SceneDelegate.swift */,
				B5DEA84A24FF9B3A00A5580A /* Extensions */,
				B55D68FA251F929C008C7F31 /* Core */,
				B5DEA84024FF597B00A5580A /* NetworkLayer */,
				B55D68EC251F8EBE008C7F31 /* Other */,
				B5DEA82024FF571400A5580A /* Assets.xcassets */,
				B5DEA82224FF571400A5580A /* LaunchScreen.storyboard */,
				B5DEA82524FF571400A5580A /* Info.plist */,
			);
			path = IMDbClient;
			sourceTree = "<group>";
		};
		B5DEA84024FF597B00A5580A /* NetworkLayer */ = {
			isa = PBXGroup;
			children = (
				B55D68EF251F8FBE008C7F31 /* Entities */,
				B53F3E722525624D00ED29C8 /* Enums */,
				B5F19A7E2513B5560045BE3F /* APIRequest.swift */,
				B5EB12BD2505A8CC00478673 /* NetworkService.swift */,
				B53F3E9D25259EE400ED29C8 /* Parser.swift */,
				B53F3E752525628900ED29C8 /* MovieResourceDownloader.swift */,
				B53F3E7B252563A000ED29C8 /* MovieCache.swift */,
			);
			path = NetworkLayer;
			sourceTree = "<group>";
		};
		B5DEA84324FF66E600A5580A /* Presenters */ = {
			isa = PBXGroup;
			children = (
				B53F3E8525256FF700ED29C8 /* MoviePresenterProtocol.swift */,
				B5DEA83C24FF581A00A5580A /* MoviePresenter.swift */,
				B5DEA84B24FFDDBB00A5580A /* MovieDetailPresenter.swift */,
			);
			path = Presenters;
			sourceTree = "<group>";
		};
		B5DEA84424FF66F000A5580A /* Views */ = {
			isa = PBXGroup;
			children = (
				B538201125151E5E00CA779B /* MovieCell.swift */,
				B53F3E63252539A800ED29C8 /* SearchMovies */,
				B538200F2514F20D00CA779B /* TrendingMovies */,
				B53820102514F21B00CA779B /* Movies */,
			);
			path = Views;
			sourceTree = "<group>";
		};
		B5DEA84A24FF9B3A00A5580A /* Extensions */ = {
			isa = PBXGroup;
			children = (
				B518C1CC2509FBC300CC21A9 /* UITableView+Activity.swift */,
				B52AB04B251A25B90032D303 /* UICollectionView+Activity.swift */,
			);
			path = Extensions;
			sourceTree = "<group>";
		};
		B5F19A7B2513B4140045BE3F /* Assemblies */ = {
			isa = PBXGroup;
			children = (
				B5F628CA251918F200E31295 /* AssemblyFactories */,
				B5DEA84124FF5E6200A5580A /* MovieAssembly.swift */,
			);
			path = Assemblies;
			sourceTree = "<group>";
		};
		B5F628CA251918F200E31295 /* AssemblyFactories */ = {
			isa = PBXGroup;
			children = (
				B538200B2514783100CA779B /* AssemblyFactory.swift */,
				B5F628C4251918C300E31295 /* MovieFactory.swift */,
				B5F628C6251918CC00E31295 /* TVShowFactory.swift */,
				B5F628C8251918DF00E31295 /* TrendingFactory.swift */,
				B53F3E5B2525359500ED29C8 /* SearchFactory.swift */,
			);
			path = AssemblyFactories;
			sourceTree = "<group>";
		};
		B5F628CB2519192800E31295 /* MovieDetailView */ = {
			isa = PBXGroup;
			children = (
				B5DEA84D24FFDDE100A5580A /* MovieDetailViewController.swift */,
				B518C1C82507B0AB00CC21A9 /* RatingStackView.swift */,
			);
			path = MovieDetailView;
			sourceTree = "<group>";
		};
/* End PBXGroup section */

/* Begin PBXNativeTarget section */
		B58E1A1F2503239300D70337 /* IMDbClientTests */ = {
			isa = PBXNativeTarget;
			buildConfigurationList = B58E1A292503239300D70337 /* Build configuration list for PBXNativeTarget "IMDbClientTests" */;
			buildPhases = (
				B58E1A1C2503239300D70337 /* Sources */,
				B58E1A1D2503239300D70337 /* Frameworks */,
				B58E1A1E2503239300D70337 /* Resources */,
			);
			buildRules = (
			);
			dependencies = (
				B58E1A262503239300D70337 /* PBXTargetDependency */,
			);
			name = IMDbClientTests;
			productName = IMDbClientTests;
			productReference = B58E1A202503239300D70337 /* IMDbClientTests.xctest */;
			productType = "com.apple.product-type.bundle.unit-test";
		};
		B5DEA81324FF571200A5580A /* IMDbClient */ = {
			isa = PBXNativeTarget;
			buildConfigurationList = B5DEA83324FF571400A5580A /* Build configuration list for PBXNativeTarget "IMDbClient" */;
			buildPhases = (
				B5DEA81024FF571200A5580A /* Sources */,
				B5DEA81124FF571200A5580A /* Frameworks */,
				B5DEA81224FF571200A5580A /* Resources */,
			);
			buildRules = (
			);
			dependencies = (
			);
			name = IMDbClient;
			productName = IMDbAPI;
			productReference = B5DEA81424FF571200A5580A /* IMDbClient.app */;
			productType = "com.apple.product-type.application";
		};
/* End PBXNativeTarget section */

/* Begin PBXProject section */
		B5DEA80C24FF571200A5580A /* Project object */ = {
			isa = PBXProject;
			attributes = {
				LastSwiftUpdateCheck = 1170;
				LastUpgradeCheck = 1160;
				ORGANIZATIONNAME = "Малышев Максим Алексеевич";
				TargetAttributes = {
					B58E1A1F2503239300D70337 = {
						CreatedOnToolsVersion = 11.7;
						TestTargetID = B5DEA81324FF571200A5580A;
					};
					B5DEA81324FF571200A5580A = {
						CreatedOnToolsVersion = 11.6;
					};
				};
			};
			buildConfigurationList = B5DEA80F24FF571200A5580A /* Build configuration list for PBXProject "IMDbClient" */;
			compatibilityVersion = "Xcode 9.3";
			developmentRegion = en;
			hasScannedForEncodings = 0;
			knownRegions = (
				en,
				Base,
			);
			mainGroup = B5DEA80B24FF571200A5580A;
			productRefGroup = B5DEA81524FF571200A5580A /* Products */;
			projectDirPath = "";
			projectRoot = "";
			targets = (
				B5DEA81324FF571200A5580A /* IMDbClient */,
				B58E1A1F2503239300D70337 /* IMDbClientTests */,
			);
		};
/* End PBXProject section */

/* Begin PBXResourcesBuildPhase section */
		B58E1A1E2503239300D70337 /* Resources */ = {
			isa = PBXResourcesBuildPhase;
			buildActionMask = 2147483647;
			files = (
			);
			runOnlyForDeploymentPostprocessing = 0;
		};
		B5DEA81224FF571200A5580A /* Resources */ = {
			isa = PBXResourcesBuildPhase;
			buildActionMask = 2147483647;
			files = (
				B5DEA82424FF571400A5580A /* LaunchScreen.storyboard in Resources */,
				B5DEA82124FF571400A5580A /* Assets.xcassets in Resources */,
			);
			runOnlyForDeploymentPostprocessing = 0;
		};
/* End PBXResourcesBuildPhase section */

/* Begin PBXSourcesBuildPhase section */
		B58E1A1C2503239300D70337 /* Sources */ = {
			isa = PBXSourcesBuildPhase;
			buildActionMask = 2147483647;
			files = (
				B58E1A232503239300D70337 /* IMDbClientTests.swift in Sources */,
				B58E1A2E2503248800D70337 /* MoviePresenterTest.swift in Sources */,
			);
			runOnlyForDeploymentPostprocessing = 0;
		};
		B5DEA81024FF571200A5580A /* Sources */ = {
			isa = PBXSourcesBuildPhase;
			buildActionMask = 2147483647;
			files = (
				B52AB04C251A25B90032D303 /* UICollectionView+Activity.swift in Sources */,
				B50E622C2501215F000AD4EF /* MovieTableViewCell.swift in Sources */,
				B5F19A7D2513B53B0045BE3F /* MovieCollectionType.swift in Sources */,
				B538201225151E5E00CA779B /* MovieCell.swift in Sources */,
				B5F628C5251918C300E31295 /* MovieFactory.swift in Sources */,
				B53F3E8E252592AB00ED29C8 /* SearchResult.swift in Sources */,
				B5F91FE92501552900CE2F35 /* RatingTagView.swift in Sources */,
				B53F3E7C252563A000ED29C8 /* MovieCache.swift in Sources */,
				B5DEA84E24FFDDE100A5580A /* MovieDetailViewController.swift in Sources */,
				B53F3E582525347C00ED29C8 /* SearchViewController.swift in Sources */,
				B518C1E1250F591900CC21A9 /* MovieCollectionViewCell.swift in Sources */,
				B5F91FEE2501D2A200CE2F35 /* ViewControllerProtocol.swift in Sources */,
				B53F3E9E25259EE400ED29C8 /* Parser.swift in Sources */,
				B5DEA84C24FFDDBB00A5580A /* MovieDetailPresenter.swift in Sources */,
				B5DEA81C24FF571200A5580A /* MovieTableViewController.swift in Sources */,
				B5DEA83A24FF573400A5580A /* Movie.swift in Sources */,
				B5DEA81824FF571200A5580A /* AppDelegate.swift in Sources */,
				B53F3E60252539A300ED29C8 /* SearchEmptyView.swift in Sources */,
				B518C1CD2509FBC300CC21A9 /* UITableView+Activity.swift in Sources */,
				B518C1D3250EC20C00CC21A9 /* MovieCollectionViewController.swift in Sources */,
				B518C1C72507AE8500CC21A9 /* MovieList.swift in Sources */,
				B5F19A7F2513B5560045BE3F /* APIRequest.swift in Sources */,
				B5DEA81A24FF571200A5580A /* SceneDelegate.swift in Sources */,
				B53F3E8625256FF800ED29C8 /* MoviePresenterProtocol.swift in Sources */,
				B5F628C7251918CC00E31295 /* TVShowFactory.swift in Sources */,
				B518C1C92507B0AB00CC21A9 /* RatingStackView.swift in Sources */,
				B538200C2514783100CA779B /* AssemblyFactory.swift in Sources */,
				B52AB04A251A21F60032D303 /* MovieCollectionViewLayout.swift in Sources */,
				B5FEE86F2511F19300B9E98C /* HeaderCollectionView.swift in Sources */,
				B53F3E96252593F000ED29C8 /* NewMovieData.swift in Sources */,
				B5DEA84224FF5E6200A5580A /* MovieAssembly.swift in Sources */,
				B5F628BA2518F5C800E31295 /* PosterQuality.swift in Sources */,
				B5F628C9251918DF00E31295 /* TrendingFactory.swift in Sources */,
				B53F3E762525628900ED29C8 /* MovieResourceDownloader.swift in Sources */,
				B5DEA85024FFE36D00A5580A /* Router.swift in Sources */,
				B53F3E92252592ED00ED29C8 /* SearchData.swift in Sources */,
				B53F3E5C2525359500ED29C8 /* SearchFactory.swift in Sources */,
				B5DEA83D24FF581A00A5580A /* MoviePresenter.swift in Sources */,
				B5EB12BE2505A8CC00478673 /* NetworkService.swift in Sources */,
				B52142E525005759008B319A /* MovieDetail.swift in Sources */,
			);
			runOnlyForDeploymentPostprocessing = 0;
		};
/* End PBXSourcesBuildPhase section */

/* Begin PBXTargetDependency section */
		B58E1A262503239300D70337 /* PBXTargetDependency */ = {
			isa = PBXTargetDependency;
			target = B5DEA81324FF571200A5580A /* IMDbClient */;
			targetProxy = B58E1A252503239300D70337 /* PBXContainerItemProxy */;
		};
/* End PBXTargetDependency section */

/* Begin PBXVariantGroup section */
		B5DEA82224FF571400A5580A /* LaunchScreen.storyboard */ = {
			isa = PBXVariantGroup;
			children = (
				B5DEA82324FF571400A5580A /* Base */,
			);
			name = LaunchScreen.storyboard;
			sourceTree = "<group>";
		};
/* End PBXVariantGroup section */

/* Begin XCBuildConfiguration section */
		B58E1A272503239300D70337 /* Debug */ = {
			isa = XCBuildConfiguration;
			buildSettings = {
				BUNDLE_LOADER = "$(TEST_HOST)";
				CODE_SIGN_STYLE = Automatic;
				DEVELOPMENT_TEAM = W7G8NRL7L9;
				INFOPLIST_FILE = IMDbClientTests/Info.plist;
				IPHONEOS_DEPLOYMENT_TARGET = 13.7;
				LD_RUNPATH_SEARCH_PATHS = (
					"$(inherited)",
					"@executable_path/Frameworks",
					"@loader_path/Frameworks",
				);
				PRODUCT_BUNDLE_IDENTIFIER = malyshev.maksim.IMDbClientTests;
				PRODUCT_NAME = "$(TARGET_NAME)";
				SWIFT_VERSION = 5.0;
				TARGETED_DEVICE_FAMILY = "1,2";
				TEST_HOST = "$(BUILT_PRODUCTS_DIR)/IMDbClient.app/IMDbClient";
			};
			name = Debug;
		};
		B58E1A282503239300D70337 /* Release */ = {
			isa = XCBuildConfiguration;
			buildSettings = {
				BUNDLE_LOADER = "$(TEST_HOST)";
				CODE_SIGN_STYLE = Automatic;
				DEVELOPMENT_TEAM = W7G8NRL7L9;
				INFOPLIST_FILE = IMDbClientTests/Info.plist;
				IPHONEOS_DEPLOYMENT_TARGET = 13.7;
				LD_RUNPATH_SEARCH_PATHS = (
					"$(inherited)",
					"@executable_path/Frameworks",
					"@loader_path/Frameworks",
				);
				PRODUCT_BUNDLE_IDENTIFIER = malyshev.maksim.IMDbClientTests;
				PRODUCT_NAME = "$(TARGET_NAME)";
				SWIFT_VERSION = 5.0;
				TARGETED_DEVICE_FAMILY = "1,2";
				TEST_HOST = "$(BUILT_PRODUCTS_DIR)/IMDbClient.app/IMDbClient";
			};
			name = Release;
		};
		B5DEA83124FF571400A5580A /* Debug */ = {
			isa = XCBuildConfiguration;
			buildSettings = {
				ALWAYS_SEARCH_USER_PATHS = NO;
				CLANG_ANALYZER_NONNULL = YES;
				CLANG_ANALYZER_NUMBER_OBJECT_CONVERSION = YES_AGGRESSIVE;
				CLANG_CXX_LANGUAGE_STANDARD = "gnu++14";
				CLANG_CXX_LIBRARY = "libc++";
				CLANG_ENABLE_MODULES = YES;
				CLANG_ENABLE_OBJC_ARC = YES;
				CLANG_ENABLE_OBJC_WEAK = YES;
				CLANG_WARN_BLOCK_CAPTURE_AUTORELEASING = YES;
				CLANG_WARN_BOOL_CONVERSION = YES;
				CLANG_WARN_COMMA = YES;
				CLANG_WARN_CONSTANT_CONVERSION = YES;
				CLANG_WARN_DEPRECATED_OBJC_IMPLEMENTATIONS = YES;
				CLANG_WARN_DIRECT_OBJC_ISA_USAGE = YES_ERROR;
				CLANG_WARN_DOCUMENTATION_COMMENTS = YES;
				CLANG_WARN_EMPTY_BODY = YES;
				CLANG_WARN_ENUM_CONVERSION = YES;
				CLANG_WARN_INFINITE_RECURSION = YES;
				CLANG_WARN_INT_CONVERSION = YES;
				CLANG_WARN_NON_LITERAL_NULL_CONVERSION = YES;
				CLANG_WARN_OBJC_IMPLICIT_RETAIN_SELF = YES;
				CLANG_WARN_OBJC_LITERAL_CONVERSION = YES;
				CLANG_WARN_OBJC_ROOT_CLASS = YES_ERROR;
				CLANG_WARN_RANGE_LOOP_ANALYSIS = YES;
				CLANG_WARN_STRICT_PROTOTYPES = YES;
				CLANG_WARN_SUSPICIOUS_MOVE = YES;
				CLANG_WARN_UNGUARDED_AVAILABILITY = YES_AGGRESSIVE;
				CLANG_WARN_UNREACHABLE_CODE = YES;
				CLANG_WARN__DUPLICATE_METHOD_MATCH = YES;
				COPY_PHASE_STRIP = NO;
				DEBUG_INFORMATION_FORMAT = dwarf;
				ENABLE_STRICT_OBJC_MSGSEND = YES;
				ENABLE_TESTABILITY = YES;
				GCC_C_LANGUAGE_STANDARD = gnu11;
				GCC_DYNAMIC_NO_PIC = NO;
				GCC_NO_COMMON_BLOCKS = YES;
				GCC_OPTIMIZATION_LEVEL = 0;
				GCC_PREPROCESSOR_DEFINITIONS = (
					"DEBUG=1",
					"$(inherited)",
				);
				GCC_WARN_64_TO_32_BIT_CONVERSION = YES;
				GCC_WARN_ABOUT_RETURN_TYPE = YES_ERROR;
				GCC_WARN_UNDECLARED_SELECTOR = YES;
				GCC_WARN_UNINITIALIZED_AUTOS = YES_AGGRESSIVE;
				GCC_WARN_UNUSED_FUNCTION = YES;
				GCC_WARN_UNUSED_VARIABLE = YES;
				IPHONEOS_DEPLOYMENT_TARGET = 13.6;
				MTL_ENABLE_DEBUG_INFO = INCLUDE_SOURCE;
				MTL_FAST_MATH = YES;
				ONLY_ACTIVE_ARCH = YES;
				SDKROOT = iphoneos;
				SWIFT_ACTIVE_COMPILATION_CONDITIONS = DEBUG;
				SWIFT_OPTIMIZATION_LEVEL = "-Onone";
			};
			name = Debug;
		};
		B5DEA83224FF571400A5580A /* Release */ = {
			isa = XCBuildConfiguration;
			buildSettings = {
				ALWAYS_SEARCH_USER_PATHS = NO;
				CLANG_ANALYZER_NONNULL = YES;
				CLANG_ANALYZER_NUMBER_OBJECT_CONVERSION = YES_AGGRESSIVE;
				CLANG_CXX_LANGUAGE_STANDARD = "gnu++14";
				CLANG_CXX_LIBRARY = "libc++";
				CLANG_ENABLE_MODULES = YES;
				CLANG_ENABLE_OBJC_ARC = YES;
				CLANG_ENABLE_OBJC_WEAK = YES;
				CLANG_WARN_BLOCK_CAPTURE_AUTORELEASING = YES;
				CLANG_WARN_BOOL_CONVERSION = YES;
				CLANG_WARN_COMMA = YES;
				CLANG_WARN_CONSTANT_CONVERSION = YES;
				CLANG_WARN_DEPRECATED_OBJC_IMPLEMENTATIONS = YES;
				CLANG_WARN_DIRECT_OBJC_ISA_USAGE = YES_ERROR;
				CLANG_WARN_DOCUMENTATION_COMMENTS = YES;
				CLANG_WARN_EMPTY_BODY = YES;
				CLANG_WARN_ENUM_CONVERSION = YES;
				CLANG_WARN_INFINITE_RECURSION = YES;
				CLANG_WARN_INT_CONVERSION = YES;
				CLANG_WARN_NON_LITERAL_NULL_CONVERSION = YES;
				CLANG_WARN_OBJC_IMPLICIT_RETAIN_SELF = YES;
				CLANG_WARN_OBJC_LITERAL_CONVERSION = YES;
				CLANG_WARN_OBJC_ROOT_CLASS = YES_ERROR;
				CLANG_WARN_RANGE_LOOP_ANALYSIS = YES;
				CLANG_WARN_STRICT_PROTOTYPES = YES;
				CLANG_WARN_SUSPICIOUS_MOVE = YES;
				CLANG_WARN_UNGUARDED_AVAILABILITY = YES_AGGRESSIVE;
				CLANG_WARN_UNREACHABLE_CODE = YES;
				CLANG_WARN__DUPLICATE_METHOD_MATCH = YES;
				COPY_PHASE_STRIP = NO;
				DEBUG_INFORMATION_FORMAT = "dwarf-with-dsym";
				ENABLE_NS_ASSERTIONS = NO;
				ENABLE_STRICT_OBJC_MSGSEND = YES;
				GCC_C_LANGUAGE_STANDARD = gnu11;
				GCC_NO_COMMON_BLOCKS = YES;
				GCC_WARN_64_TO_32_BIT_CONVERSION = YES;
				GCC_WARN_ABOUT_RETURN_TYPE = YES_ERROR;
				GCC_WARN_UNDECLARED_SELECTOR = YES;
				GCC_WARN_UNINITIALIZED_AUTOS = YES_AGGRESSIVE;
				GCC_WARN_UNUSED_FUNCTION = YES;
				GCC_WARN_UNUSED_VARIABLE = YES;
				IPHONEOS_DEPLOYMENT_TARGET = 13.6;
				MTL_ENABLE_DEBUG_INFO = NO;
				MTL_FAST_MATH = YES;
				SDKROOT = iphoneos;
				SWIFT_COMPILATION_MODE = wholemodule;
				SWIFT_OPTIMIZATION_LEVEL = "-O";
				VALIDATE_PRODUCT = YES;
			};
			name = Release;
		};
		B5DEA83424FF571400A5580A /* Debug */ = {
			isa = XCBuildConfiguration;
			buildSettings = {
				ASSETCATALOG_COMPILER_APPICON_NAME = AppIcon;
				CODE_SIGN_STYLE = Automatic;
				DEVELOPMENT_TEAM = W7G8NRL7L9;
				INFOPLIST_FILE = "$(SRCROOT)/IMDbClient/Info.plist";
				LD_RUNPATH_SEARCH_PATHS = (
					"$(inherited)",
					"@executable_path/Frameworks",
				);
				PRODUCT_BUNDLE_IDENTIFIER = malyshev.maksim.IMDbAPI;
				PRODUCT_NAME = "$(TARGET_NAME)";
				SWIFT_VERSION = 5.0;
				TARGETED_DEVICE_FAMILY = "1,2";
			};
			name = Debug;
		};
		B5DEA83524FF571400A5580A /* Release */ = {
			isa = XCBuildConfiguration;
			buildSettings = {
				ASSETCATALOG_COMPILER_APPICON_NAME = AppIcon;
				CODE_SIGN_STYLE = Automatic;
				DEVELOPMENT_TEAM = W7G8NRL7L9;
				INFOPLIST_FILE = "$(SRCROOT)/IMDbClient/Info.plist";
				LD_RUNPATH_SEARCH_PATHS = (
					"$(inherited)",
					"@executable_path/Frameworks",
				);
				PRODUCT_BUNDLE_IDENTIFIER = malyshev.maksim.IMDbAPI;
				PRODUCT_NAME = "$(TARGET_NAME)";
				SWIFT_VERSION = 5.0;
				TARGETED_DEVICE_FAMILY = "1,2";
			};
			name = Release;
		};
/* End XCBuildConfiguration section */

/* Begin XCConfigurationList section */
		B58E1A292503239300D70337 /* Build configuration list for PBXNativeTarget "IMDbClientTests" */ = {
			isa = XCConfigurationList;
			buildConfigurations = (
				B58E1A272503239300D70337 /* Debug */,
				B58E1A282503239300D70337 /* Release */,
			);
			defaultConfigurationIsVisible = 0;
			defaultConfigurationName = Release;
		};
		B5DEA80F24FF571200A5580A /* Build configuration list for PBXProject "IMDbClient" */ = {
			isa = XCConfigurationList;
			buildConfigurations = (
				B5DEA83124FF571400A5580A /* Debug */,
				B5DEA83224FF571400A5580A /* Release */,
			);
			defaultConfigurationIsVisible = 0;
			defaultConfigurationName = Release;
		};
		B5DEA83324FF571400A5580A /* Build configuration list for PBXNativeTarget "IMDbClient" */ = {
			isa = XCConfigurationList;
			buildConfigurations = (
				B5DEA83424FF571400A5580A /* Debug */,
				B5DEA83524FF571400A5580A /* Release */,
			);
			defaultConfigurationIsVisible = 0;
			defaultConfigurationName = Release;
		};
/* End XCConfigurationList section */
	};
	rootObject = B5DEA80C24FF571200A5580A /* Project object */;
}
